Microsoft Visual Studio Solution File, Format Version 11.00
# Visual Studio 2008

Project("{689BEAA2-D163-C500-444E-9FCF09919C0F}") = "Roll a Ball VR", "Assembly-CSharp.csproj", "{50A21834-D5F2-BC30-C7A9-C7DD134926C2}"
EndProject
Project("{689BEAA2-D163-C500-444E-9FCF09919C0F}") = "Roll a Ball VR", "Assembly-CSharp-Editor.csproj", "{64850916-A5EB-890D-3B9D-87714526B0E7}"
EndProject
Global
	GlobalSection(SolutionConfigurationPlatforms) = preSolution
		Debug|Any CPU = Debug|Any CPU
		Release|Any CPU = Release|Any CPU
	EndGlobalSection
	GlobalSection(ProjectConfigurationPlatforms) = postSolution
		{50A21834-D5F2-BC30-C7A9-C7DD134926C2}.Debug|Any CPU.ActiveCfg = Debug|Any CPU
		{50A21834-D5F2-BC30-C7A9-C7DD134926C2}.Debug|Any CPU.Build.0 = Debug|Any CPU
		{50A21834-D5F2-BC30-C7A9-C7DD134926C2}.Release|Any CPU.ActiveCfg = Release|Any CPU
		{50A21834-D5F2-BC30-C7A9-C7DD134926C2}.Release|Any CPU.Build.0 = Release|Any CPU
		{64850916-A5EB-890D-3B9D-87714526B0E7}.Debug|Any CPU.ActiveCfg = Debug|Any CPU
		{64850916-A5EB-890D-3B9D-87714526B0E7}.Debug|Any CPU.Build.0 = Debug|Any CPU
		{64850916-A5EB-890D-3B9D-87714526B0E7}.Release|Any CPU.ActiveCfg = Release|Any CPU
		{64850916-A5EB-890D-3B9D-87714526B0E7}.Release|Any CPU.Build.0 = Release|Any CPU
	EndGlobalSection
	GlobalSection(SolutionProperties) = preSolution
		HideSolutionNode = FALSE
	EndGlobalSection
	GlobalSection(MonoDevelopProperties) = preSolution
		StartupItem = Assembly-CSharp.csproj
	EndGlobalSection
EndGlobal
